
Microsoft Visual Studio Solution File, Format Version 12.00
# Visual Studio Version 17
VisualStudioVersion = 17.3.32825.248
MinimumVisualStudioVersion = 10.0.40219.1
Project("{FAE04EC0-301F-11D3-BF4B-00C04F79EFBC}") = "EntityFrameworkEstudo", "EntityFrameworkEstudo\EntityFrameworkEstudo.csproj", "{C2AB2E81-7084-446E-B462-A6FD9CEA517A}"
EndProject
Global
	GlobalSection(SolutionConfigurationPlatforms) = preSolution
		Debug|Any CPU = Debug|Any CPU
		Release|Any CPU = Release|Any CPU
	EndGlobalSection
	GlobalSection(ProjectConfigurationPlatforms) = postSolution
		{C2AB2E81-7084-446E-B462-A6FD9CEA517A}.Debug|Any CPU.ActiveCfg = Debug|Any CPU
		{C2AB2E81-7084-446E-B462-A6FD9CEA517A}.Debug|Any CPU.Build.0 = Debug|Any CPU
		{C2AB2E81-7084-446E-B462-A6FD9CEA517A}.Release|Any CPU.ActiveCfg = Release|Any CPU
		{C2AB2E81-7084-446E-B462-A6FD9CEA517A}.Release|Any CPU.Build.0 = Release|Any CPU
	EndGlobalSection
	GlobalSection(SolutionProperties) = preSolution
		HideSolutionNode = FALSE
	EndGlobalSection
	GlobalSection(ExtensibilityGlobals) = postSolution
		SolutionGuid = {F73EA317-39A8-4D90-8C73-6D3A2AF27EF1}
	EndGlobalSection
EndGlobal
